
Microsoft Visual Studio Solution File, Format Version 12.00
# Visual Studio Version 17
VisualStudioVersion = 17.14.36518.9 d17.14
MinimumVisualStudioVersion = 10.0.40219.1
Project("{FAE04EC0-301F-11D3-BF4B-00C04F79EFBC}") = "GG_Shop", "GG_Shop\GG_Shop.csproj", "{666B66B1-6DD6-4282-ADE4-52FAD5619986}"
EndProject
Global
	GlobalSection(SolutionConfigurationPlatforms) = preSolution
		Debug|Any CPU = Debug|Any CPU
		Release|Any CPU = Release|Any CPU
	EndGlobalSection
	GlobalSection(ProjectConfigurationPlatforms) = postSolution
		{666B66B1-6DD6-4282-ADE4-52FAD5619986}.Debug|Any CPU.ActiveCfg = Debug|Any CPU
		{666B66B1-6DD6-4282-ADE4-52FAD5619986}.Debug|Any CPU.Build.0 = Debug|Any CPU
		{666B66B1-6DD6-4282-ADE4-52FAD5619986}.Release|Any CPU.ActiveCfg = Release|Any CPU
		{666B66B1-6DD6-4282-ADE4-52FAD5619986}.Release|Any CPU.Build.0 = Release|Any CPU
	EndGlobalSection
	GlobalSection(SolutionProperties) = preSolution
		HideSolutionNode = FALSE
	EndGlobalSection
	GlobalSection(ExtensibilityGlobals) = postSolution
		SolutionGuid = {8057F020-FC64-4811-AB2C-117B6DCB4603}
	EndGlobalSection
EndGlobal
